
Microsoft Visual Studio Solution File, Format Version 12.00
# Visual Studio 15
VisualStudioVersion = 15.0.28307.168
MinimumVisualStudioVersion = 10.0.40219.1
Project("{FAE04EC0-301F-11D3-BF4B-00C04F79EFBC}") = "Poker", "Poker\Poker.csproj", "{82F650C1-7EC3-4D49-B097-D58B68B611F6}"
EndProject
Project("{FAE04EC0-301F-11D3-BF4B-00C04F79EFBC}") = "PokerTests", "..\UnitTestProject1\UnitTestProject1\PokerTests.csproj", "{E43E0A2F-A4BD-489F-BADE-356AEC1AB41E}"
EndProject
Project("{FAE04EC0-301F-11D3-BF4B-00C04F79EFBC}") = "SimPok", "SimPok\SimPok.csproj", "{12F7FA93-BA41-4D27-9B13-AD7EB49ABF1C}"
EndProject
Global
	GlobalSection(SolutionConfigurationPlatforms) = preSolution
		Debug|Any CPU = Debug|Any CPU
		Release|Any CPU = Release|Any CPU
	EndGlobalSection
	GlobalSection(ProjectConfigurationPlatforms) = postSolution
		{82F650C1-7EC3-4D49-B097-D58B68B611F6}.Debug|Any CPU.ActiveCfg = Debug|Any CPU
		{82F650C1-7EC3-4D49-B097-D58B68B611F6}.Debug|Any CPU.Build.0 = Debug|Any CPU
		{82F650C1-7EC3-4D49-B097-D58B68B611F6}.Release|Any CPU.ActiveCfg = Release|Any CPU
		{82F650C1-7EC3-4D49-B097-D58B68B611F6}.Release|Any CPU.Build.0 = Release|Any CPU
		{E43E0A2F-A4BD-489F-BADE-356AEC1AB41E}.Debug|Any CPU.ActiveCfg = Debug|Any CPU
		{E43E0A2F-A4BD-489F-BADE-356AEC1AB41E}.Debug|Any CPU.Build.0 = Debug|Any CPU
		{E43E0A2F-A4BD-489F-BADE-356AEC1AB41E}.Release|Any CPU.ActiveCfg = Release|Any CPU
		{E43E0A2F-A4BD-489F-BADE-356AEC1AB41E}.Release|Any CPU.Build.0 = Release|Any CPU
		{12F7FA93-BA41-4D27-9B13-AD7EB49ABF1C}.Debug|Any CPU.ActiveCfg = Debug|Any CPU
		{12F7FA93-BA41-4D27-9B13-AD7EB49ABF1C}.Debug|Any CPU.Build.0 = Debug|Any CPU
		{12F7FA93-BA41-4D27-9B13-AD7EB49ABF1C}.Release|Any CPU.ActiveCfg = Release|Any CPU
		{12F7FA93-BA41-4D27-9B13-AD7EB49ABF1C}.Release|Any CPU.Build.0 = Release|Any CPU
	EndGlobalSection
	GlobalSection(SolutionProperties) = preSolution
		HideSolutionNode = FALSE
	EndGlobalSection
	GlobalSection(ExtensibilityGlobals) = postSolution
		SolutionGuid = {518E63C0-A1C8-4BCF-9BB6-595A5D944367}
	EndGlobalSection
EndGlobal
